// !$*UTF8*$!
{
	archiveVersion = 1;
	classes = {
	};
	objectVersion = 50;
	objects = {

/* Begin PBXBuildFile section */
		94A7CF0422DD1B5000ABDB04 /* AppDelegate.swift in Sources */ = {isa = PBXBuildFile; fileRef = 94A7CF0322DD1B5000ABDB04 /* AppDelegate.swift */; };
		94A7CF0622DD1B5000ABDB04 /* MyFirstSwiftApp.swift in Sources */ = {isa = PBXBuildFile; fileRef = 94A7CF0522DD1B5000ABDB04 /* MyFirstSwiftApp.swift */; };
		94A7CF0922DD1B5000ABDB04 /* Main.storyboard in Resources */ = {isa = PBXBuildFile; fileRef = 94A7CF0722DD1B5000ABDB04 /* Main.storyboard */; };
		94A7CF0B22DD1B5100ABDB04 /* Assets.xcassets in Resources */ = {isa = PBXBuildFile; fileRef = 94A7CF0A22DD1B5100ABDB04 /* Assets.xcassets */; };
		94A7CF0E22DD1B5100ABDB04 /* LaunchScreen.storyboard in Resources */ = {isa = PBXBuildFile; fileRef = 94A7CF0C22DD1B5100ABDB04 /* LaunchScreen.storyboard */; };
		94A7CF1922DD1B5200ABDB04 /* MyFirstSwiftAppTests.swift in Sources */ = {isa = PBXBuildFile; fileRef = 94A7CF1822DD1B5200ABDB04 /* MyFirstSwiftAppTests.swift */; };
		94A7CF2422DD1B5200ABDB04 /* MyFirstSwiftAppUITests.swift in Sources */ = {isa = PBXBuildFile; fileRef = 94A7CF2322DD1B5200ABDB04 /* MyFirstSwiftAppUITests.swift */; };
/* End PBXBuildFile section */

/* Begin PBXContainerItemProxy section */
		94A7CF1522DD1B5200ABDB04 /* PBXContainerItemProxy */ = {
			isa = PBXContainerItemProxy;
			containerPortal = 94A7CEF822DD1B5000ABDB04 /* Project object */;
			proxyType = 1;
			remoteGlobalIDString = 94A7CEFF22DD1B5000ABDB04;
			remoteInfo = MyFirstSwiftApp;
		};
		94A7CF2022DD1B5200ABDB04 /* PBXContainerItemProxy */ = {
			isa = PBXContainerItemProxy;
			containerPortal = 94A7CEF822DD1B5000ABDB04 /* Project object */;
			proxyType = 1;
			remoteGlobalIDString = 94A7CEFF22DD1B5000ABDB04;
			remoteInfo = MyFirstSwiftApp;
		};
/* End PBXContainerItemProxy section */

/* Begin PBXFileReference section */
		94A7CF0022DD1B5000ABDB04 /* MyFirstSwiftApp.app */ = {isa = PBXFileReference; explicitFileType = wrapper.application; includeInIndex = 0; path = MyFirstSwiftApp.app; sourceTree = BUILT_PRODUCTS_DIR; };
		94A7CF0322DD1B5000ABDB04 /* AppDelegate.swift */ = {isa = PBXFileReference; lastKnownFileType = sourcecode.swift; path = AppDelegate.swift; sourceTree = "<group>"; };
		94A7CF0522DD1B5000ABDB04 /* MyFirstSwiftApp.swift */ = {isa = PBXFileReference; lastKnownFileType = sourcecode.swift; name = MyFirstSwiftApp.swift; path = ../../../../Desktop/Ryan/Swift/MyFirstSwiftApp.swift; sourceTree = "<group>"; };
		94A7CF0822DD1B5000ABDB04 /* Base */ = {isa = PBXFileReference; lastKnownFileType = file.storyboard; name = Base; path = Base.lproj/Main.storyboard; sourceTree = "<group>"; };
		94A7CF0A22DD1B5100ABDB04 /* Assets.xcassets */ = {isa = PBXFileReference; lastKnownFileType = folder.assetcatalog; path = Assets.xcassets; sourceTree = "<group>"; };
		94A7CF0D22DD1B5100ABDB04 /* Base */ = {isa = PBXFileReference; lastKnownFileType = file.storyboard; name = Base; path = Base.lproj/LaunchScreen.storyboard; sourceTree = "<group>"; };
		94A7CF0F22DD1B5100ABDB04 /* Info.plist */ = {isa = PBXFileReference; lastKnownFileType = text.plist.xml; path = Info.plist; sourceTree = "<group>"; };
		94A7CF1422DD1B5200ABDB04 /* MyFirstSwiftAppTests.xctest */ = {isa = PBXFileReference; explicitFileType = wrapper.cfbundle; includeInIndex = 0; path = MyFirstSwiftAppTests.xctest; sourceTree = BUILT_PRODUCTS_DIR; };
		94A7CF1822DD1B5200ABDB04 /* MyFirstSwiftAppTests.swift */ = {isa = PBXFileReference; lastKnownFileType = sourcecode.swift; path = MyFirstSwiftAppTests.swift; sourceTree = "<group>"; };
		94A7CF1A22DD1B5200ABDB04 /* Info.plist */ = {isa = PBXFileReference; lastKnownFileType = text.plist.xml; path = Info.plist; sourceTree = "<group>"; };
		94A7CF1F22DD1B5200ABDB04 /* MyFirstSwiftAppUITests.xctest */ = {isa = PBXFileReference; explicitFileType = wrapper.cfbundle; includeInIndex = 0; path = MyFirstSwiftAppUITests.xctest; sourceTree = BUILT_PRODUCTS_DIR; };
		94A7CF2322DD1B5200ABDB04 /* MyFirstSwiftAppUITests.swift */ = {isa = PBXFileReference; lastKnownFileType = sourcecode.swift; path = MyFirstSwiftAppUITests.swift; sourceTree = "<group>"; };
		94A7CF2522DD1B5200ABDB04 /* Info.plist */ = {isa = PBXFileReference; lastKnownFileType = text.plist.xml; path = Info.plist; sourceTree = "<group>"; };
/* End PBXFileReference section */

/* Begin PBXFrameworksBuildPhase section */
		94A7CEFD22DD1B5000ABDB04 /* Frameworks */ = {
			isa = PBXFrameworksBuildPhase;
			buildActionMask = 2147483647;
			files = (
			);
			runOnlyForDeploymentPostprocessing = 0;
		};
		94A7CF1122DD1B5200ABDB04 /* Frameworks */ = {
			isa = PBXFrameworksBuildPhase;
			buildActionMask = 2147483647;
			files = (
			);
			runOnlyForDeploymentPostprocessing = 0;
		};
		94A7CF1C22DD1B5200ABDB04 /* Frameworks */ = {
			isa = PBXFrameworksBuildPhase;
			buildActionMask = 2147483647;
			files = (
			);
			runOnlyForDeploymentPostprocessing = 0;
		};
/* End PBXFrameworksBuildPhase section */

/* Begin PBXGroup section */
		94A7CEF722DD1B5000ABDB04 = {
			isa = PBXGroup;
			children = (
				94A7CF0222DD1B5000ABDB04 /* MyFirstSwiftApp */,
				94A7CF1722DD1B5200ABDB04 /* MyFirstSwiftAppTests */,
				94A7CF2222DD1B5200ABDB04 /* MyFirstSwiftAppUITests */,
				94A7CF0122DD1B5000ABDB04 /* Products */,
			);
			sourceTree = "<group>";
		};
		94A7CF0122DD1B5000ABDB04 /* Products */ = {
			isa = PBXGroup;
			children = (
				94A7CF0022DD1B5000ABDB04 /* MyFirstSwiftApp.app */,
				94A7CF1422DD1B5200ABDB04 /* MyFirstSwiftAppTests.xctest */,
				94A7CF1F22DD1B5200ABDB04 /* MyFirstSwiftAppUITests.xctest */,
			);
			name = Products;
			sourceTree = "<group>";
		};
		94A7CF0222DD1B5000ABDB04 /* MyFirstSwiftApp */ = {
			isa = PBXGroup;
			children = (
				94A7CF0322DD1B5000ABDB04 /* AppDelegate.swift */,
				94A7CF0522DD1B5000ABDB04 /* MyFirstSwiftApp.swift */,
				94A7CF0722DD1B5000ABDB04 /* Main.storyboard */,
				94A7CF0A22DD1B5100ABDB04 /* Assets.xcassets */,
				94A7CF0C22DD1B5100ABDB04 /* LaunchScreen.storyboard */,
				94A7CF0F22DD1B5100ABDB04 /* Info.plist */,
			);
			path = MyFirstSwiftApp;
			sourceTree = "<group>";
		};
		94A7CF1722DD1B5200ABDB04 /* MyFirstSwiftAppTests */ = {
			isa = PBXGroup;
			children = (
				94A7CF1822DD1B5200ABDB04 /* MyFirstSwiftAppTests.swift */,
				94A7CF1A22DD1B5200ABDB04 /* Info.plist */,
			);
			path = MyFirstSwiftAppTests;
			sourceTree = "<group>";
		};
		94A7CF2222DD1B5200ABDB04 /* MyFirstSwiftAppUITests */ = {
			isa = PBXGroup;
			children = (
				94A7CF2322DD1B5200ABDB04 /* MyFirstSwiftAppUITests.swift */,
				94A7CF2522DD1B5200ABDB04 /* Info.plist */,
			);
			path = MyFirstSwiftAppUITests;
			sourceTree = "<group>";
		};
/* End PBXGroup section */

/* Begin PBXNativeTarget section */
		94A7CEFF22DD1B5000ABDB04 /* MyFirstSwiftApp */ = {
			isa = PBXNativeTarget;
			buildConfigurationList = 94A7CF2822DD1B5200ABDB04 /* Build configuration list for PBXNativeTarget "MyFirstSwiftApp" */;
			buildPhases = (
				94A7CEFC22DD1B5000ABDB04 /* Sources */,
				94A7CEFD22DD1B5000ABDB04 /* Frameworks */,
				94A7CEFE22DD1B5000ABDB04 /* Resources */,
			);
			buildRules = (
			);
			dependencies = (
			);
			name = MyFirstSwiftApp;
			productName = MyFirstSwiftApp;
			productReference = 94A7CF0022DD1B5000ABDB04 /* MyFirstSwiftApp.app */;
			productType = "com.apple.product-type.application";
		};
		94A7CF1322DD1B5200ABDB04 /* MyFirstSwiftAppTests */ = {
			isa = PBXNativeTarget;
			buildConfigurationList = 94A7CF2B22DD1B5200ABDB04 /* Build configuration list for PBXNativeTarget "MyFirstSwiftAppTests" */;
			buildPhases = (
				94A7CF1022DD1B5200ABDB04 /* Sources */,
				94A7CF1122DD1B5200ABDB04 /* Frameworks */,
				94A7CF1222DD1B5200ABDB04 /* Resources */,
			);
			buildRules = (
			);
			dependencies = (
				94A7CF1622DD1B5200ABDB04 /* PBXTargetDependency */,
			);
			name = MyFirstSwiftAppTests;
			productName = MyFirstSwiftAppTests;
			productReference = 94A7CF1422DD1B5200ABDB04 /* MyFirstSwiftAppTests.xctest */;
			productType = "com.apple.product-type.bundle.unit-test";
		};
		94A7CF1E22DD1B5200ABDB04 /* MyFirstSwiftAppUITests */ = {
			isa = PBXNativeTarget;
			buildConfigurationList = 94A7CF2E22DD1B5200ABDB04 /* Build configuration list for PBXNativeTarget "MyFirstSwiftAppUITests" */;
			buildPhases = (
				94A7CF1B22DD1B5200ABDB04 /* Sources */,
				94A7CF1C22DD1B5200ABDB04 /* Frameworks */,
				94A7CF1D22DD1B5200ABDB04 /* Resources */,
			);
			buildRules = (
			);
			dependencies = (
				94A7CF2122DD1B5200ABDB04 /* PBXTargetDependency */,
			);
			name = MyFirstSwiftAppUITests;
			productName = MyFirstSwiftAppUITests;
			productReference = 94A7CF1F22DD1B5200ABDB04 /* MyFirstSwiftAppUITests.xctest */;
			productType = "com.apple.product-type.bundle.ui-testing";
		};
/* End PBXNativeTarget section */

/* Begin PBXProject section */
		94A7CEF822DD1B5000ABDB04 /* Project object */ = {
			isa = PBXProject;
			attributes = {
				LastSwiftUpdateCheck = 1020;
				LastUpgradeCheck = 1020;
				ORGANIZATIONNAME = "Ryan Brown";
				TargetAttributes = {
					94A7CEFF22DD1B5000ABDB04 = {
						CreatedOnToolsVersion = 10.2.1;
					};
					94A7CF1322DD1B5200ABDB04 = {
						CreatedOnToolsVersion = 10.2.1;
						TestTargetID = 94A7CEFF22DD1B5000ABDB04;
					};
					94A7CF1E22DD1B5200ABDB04 = {
						CreatedOnToolsVersion = 10.2.1;
						TestTargetID = 94A7CEFF22DD1B5000ABDB04;
					};
				};
			};
			buildConfigurationList = 94A7CEFB22DD1B5000ABDB04 /* Build configuration list for PBXProject "MyFirstSwiftApp" */;
			compatibilityVersion = "Xcode 9.3";
			developmentRegion = en;
			hasScannedForEncodings = 0;
			knownRegions = (
				en,
				Base,
			);
			mainGroup = 94A7CEF722DD1B5000ABDB04;
			productRefGroup = 94A7CF0122DD1B5000ABDB04 /* Products */;
			projectDirPath = "";
			projectRoot = "";
			targets = (
				94A7CEFF22DD1B5000ABDB04 /* MyFirstSwiftApp */,
				94A7CF1322DD1B5200ABDB04 /* MyFirstSwiftAppTests */,
				94A7CF1E22DD1B5200ABDB04 /* MyFirstSwiftAppUITests */,
			);
		};
/* End PBXProject section */

/* Begin PBXResourcesBuildPhase section */
		94A7CEFE22DD1B5000ABDB04 /* Resources */ = {
			isa = PBXResourcesBuildPhase;
			buildActionMask = 2147483647;
			files = (
				94A7CF0E22DD1B5100ABDB04 /* LaunchScreen.storyboard in Resources */,
				94A7CF0B22DD1B5100ABDB04 /* Assets.xcassets in Resources */,
				94A7CF0922DD1B5000ABDB04 /* Main.storyboard in Resources */,
			);
			runOnlyForDeploymentPostprocessing = 0;
		};
		94A7CF1222DD1B5200ABDB04 /* Resources */ = {
			isa = PBXResourcesBuildPhase;
			buildActionMask = 2147483647;
			files = (
			);
			runOnlyForDeploymentPostprocessing = 0;
		};
		94A7CF1D22DD1B5200ABDB04 /* Resources */ = {
			isa = PBXResourcesBuildPhase;
			buildActionMask = 2147483647;
			files = (
			);
			runOnlyForDeploymentPostprocessing = 0;
		};
/* End PBXResourcesBuildPhase section */

/* Begin PBXSourcesBuildPhase section */
		94A7CEFC22DD1B5000ABDB04 /* Sources */ = {
			isa = PBXSourcesBuildPhase;
			buildActionMask = 2147483647;
			files = (
				94A7CF0622DD1B5000ABDB04 /* MyFirstSwiftApp.swift in Sources */,
				94A7CF0422DD1B5000ABDB04 /* AppDelegate.swift in Sources */,
			);
			runOnlyForDeploymentPostprocessing = 0;
		};
		94A7CF1022DD1B5200ABDB04 /* Sources */ = {
			isa = PBXSourcesBuildPhase;
			buildActionMask = 2147483647;
			files = (
				94A7CF1922DD1B5200ABDB04 /* MyFirstSwiftAppTests.swift in Sources */,
			);
			runOnlyForDeploymentPostprocessing = 0;
		};
		94A7CF1B22DD1B5200ABDB04 /* Sources */ = {
			isa = PBXSourcesBuildPhase;
			buildActionMask = 2147483647;
			files = (
				94A7CF2422DD1B5200ABDB04 /* MyFirstSwiftAppUITests.swift in Sources */,
			);
			runOnlyForDeploymentPostprocessing = 0;
		};
/* End PBXSourcesBuildPhase section */

/* Begin PBXTargetDependency section */
		94A7CF1622DD1B5200ABDB04 /* PBXTargetDependency */ = {
			isa = PBXTargetDependency;
			target = 94A7CEFF22DD1B5000ABDB04 /* MyFirstSwiftApp */;
			targetProxy = 94A7CF1522DD1B5200ABDB04 /* PBXContainerItemProxy */;
		};
		94A7CF2122DD1B5200ABDB04 /* PBXTargetDependency */ = {
			isa = PBXTargetDependency;
			target = 94A7CEFF22DD1B5000ABDB04 /* MyFirstSwiftApp */;
			targetProxy = 94A7CF2022DD1B5200ABDB04 /* PBXContainerItemProxy */;
		};
/* End PBXTargetDependency section */

/* Begin PBXVariantGroup section */
		94A7CF0722DD1B5000ABDB04 /* Main.storyboard */ = {
			isa = PBXVariantGroup;
			children = (
				94A7CF0822DD1B5000ABDB04 /* Base */,
			);
			name = Main.storyboard;
			sourceTree = "<group>";
		};
		94A7CF0C22DD1B5100ABDB04 /* LaunchScreen.storyboard */ = {
			isa = PBXVariantGroup;
			children = (
				94A7CF0D22DD1B5100ABDB04 /* Base */,
			);
			name = LaunchScreen.storyboard;
			sourceTree = "<group>";
		};
/* End PBXVariantGroup section */

/* Begin XCBuildConfiguration section */
		94A7CF2622DD1B5200ABDB04 /* Debug */ = {
			isa = XCBuildConfiguration;
			buildSettings = {
				ALWAYS_SEARCH_USER_PATHS = NO;
				CLANG_ANALYZER_NONNULL = YES;
				CLANG_ANALYZER_NUMBER_OBJECT_CONVERSION = YES_AGGRESSIVE;
				CLANG_CXX_LANGUAGE_STANDARD = "gnu++14";
				CLANG_CXX_LIBRARY = "libc++";
				CLANG_ENABLE_MODULES = YES;
				CLANG_ENABLE_OBJC_ARC = YES;
				CLANG_ENABLE_OBJC_WEAK = YES;
				CLANG_WARN_BLOCK_CAPTURE_AUTORELEASING = YES;
				CLANG_WARN_BOOL_CONVERSION = YES;
				CLANG_WARN_COMMA = YES;
				CLANG_WARN_CONSTANT_CONVERSION = YES;
				CLANG_WARN_DEPRECATED_OBJC_IMPLEMENTATIONS = YES;
				CLANG_WARN_DIRECT_OBJC_ISA_USAGE = YES_ERROR;
				CLANG_WARN_DOCUMENTATION_COMMENTS = YES;
				CLANG_WARN_EMPTY_BODY = YES;
				CLANG_WARN_ENUM_CONVERSION = YES;
				CLANG_WARN_INFINITE_RECURSION = YES;
				CLANG_WARN_INT_CONVERSION = YES;
				CLANG_WARN_NON_LITERAL_NULL_CONVERSION = YES;
				CLANG_WARN_OBJC_IMPLICIT_RETAIN_SELF = YES;
				CLANG_WARN_OBJC_LITERAL_CONVERSION = YES;
				CLANG_WARN_OBJC_ROOT_CLASS = YES_ERROR;
				CLANG_WARN_RANGE_LOOP_ANALYSIS = YES;
				CLANG_WARN_STRICT_PROTOTYPES = YES;
				CLANG_WARN_SUSPICIOUS_MOVE = YES;
				CLANG_WARN_UNGUARDED_AVAILABILITY = YES_AGGRESSIVE;
				CLANG_WARN_UNREACHABLE_CODE = YES;
				CLANG_WARN__DUPLICATE_METHOD_MATCH = YES;
				CODE_SIGN_IDENTITY = "iPhone Developer";
				COPY_PHASE_STRIP = NO;
				DEBUG_INFORMATION_FORMAT = dwarf;
				ENABLE_STRICT_OBJC_MSGSEND = YES;
				ENABLE_TESTABILITY = YES;
				GCC_C_LANGUAGE_STANDARD = gnu11;
				GCC_DYNAMIC_NO_PIC = NO;
				GCC_NO_COMMON_BLOCKS = YES;
				GCC_OPTIMIZATION_LEVEL = 0;
				GCC_PREPROCESSOR_DEFINITIONS = (
					"DEBUG=1",
					"$(inherited)",
				);
				GCC_WARN_64_TO_32_BIT_CONVERSION = YES;
				GCC_WARN_ABOUT_RETURN_TYPE = YES_ERROR;
				GCC_WARN_UNDECLARED_SELECTOR = YES;
				GCC_WARN_UNINITIALIZED_AUTOS = YES_AGGRESSIVE;
				GCC_WARN_UNUSED_FUNCTION = YES;
				GCC_WARN_UNUSED_VARIABLE = YES;
				IPHONEOS_DEPLOYMENT_TARGET = 12.2;
				MTL_ENABLE_DEBUG_INFO = INCLUDE_SOURCE;
				MTL_FAST_MATH = YES;
				ONLY_ACTIVE_ARCH = YES;
				SDKROOT = iphoneos;
				SWIFT_ACTIVE_COMPILATION_CONDITIONS = DEBUG;
				SWIFT_OPTIMIZATION_LEVEL = "-Onone";
			};
			name = Debug;
		};
		94A7CF2722DD1B5200ABDB04 /* Release */ = {
			isa = XCBuildConfiguration;
			buildSettings = {
				ALWAYS_SEARCH_USER_PATHS = NO;
				CLANG_ANALYZER_NONNULL = YES;
				CLANG_ANALYZER_NUMBER_OBJECT_CONVERSION = YES_AGGRESSIVE;
				CLANG_CXX_LANGUAGE_STANDARD = "gnu++14";
				CLANG_CXX_LIBRARY = "libc++";
				CLANG_ENABLE_MODULES = YES;
				CLANG_ENABLE_OBJC_ARC = YES;
				CLANG_ENABLE_OBJC_WEAK = YES;
				CLANG_WARN_BLOCK_CAPTURE_AUTORELEASING = YES;
				CLANG_WARN_BOOL_CONVERSION = YES;
				CLANG_WARN_COMMA = YES;
				CLANG_WARN_CONSTANT_CONVERSION = YES;
				CLANG_WARN_DEPRECATED_OBJC_IMPLEMENTATIONS = YES;
				CLANG_WARN_DIRECT_OBJC_ISA_USAGE = YES_ERROR;
				CLANG_WARN_DOCUMENTATION_COMMENTS = YES;
				CLANG_WARN_EMPTY_BODY = YES;
				CLANG_WARN_ENUM_CONVERSION = YES;
				CLANG_WARN_INFINITE_RECURSION = YES;
				CLANG_WARN_INT_CONVERSION = YES;
				CLANG_WARN_NON_LITERAL_NULL_CONVERSION = YES;
				CLANG_WARN_OBJC_IMPLICIT_RETAIN_SELF = YES;
				CLANG_WARN_OBJC_LITERAL_CONVERSION = YES;
				CLANG_WARN_OBJC_ROOT_CLASS = YES_ERROR;
				CLANG_WARN_RANGE_LOOP_ANALYSIS = YES;
				CLANG_WARN_STRICT_PROTOTYPES = YES;
				CLANG_WARN_SUSPICIOUS_MOVE = YES;
				CLANG_WARN_UNGUARDED_AVAILABILITY = YES_AGGRESSIVE;
				CLANG_WARN_UNREACHABLE_CODE = YES;
				CLANG_WARN__DUPLICATE_METHOD_MATCH = YES;
				CODE_SIGN_IDENTITY = "iPhone Developer";
				COPY_PHASE_STRIP = NO;
				DEBUG_INFORMATION_FORMAT = "dwarf-with-dsym";
				ENABLE_NS_ASSERTIONS = NO;
				ENABLE_STRICT_OBJC_MSGSEND = YES;
				GCC_C_LANGUAGE_STANDARD = gnu11;
				GCC_NO_COMMON_BLOCKS = YES;
				GCC_WARN_64_TO_32_BIT_CONVERSION = YES;
				GCC_WARN_ABOUT_RETURN_TYPE = YES_ERROR;
				GCC_WARN_UNDECLARED_SELECTOR = YES;
				GCC_WARN_UNINITIALIZED_AUTOS = YES_AGGRESSIVE;
				GCC_WARN_UNUSED_FUNCTION = YES;
				GCC_WARN_UNUSED_VARIABLE = YES;
				IPHONEOS_DEPLOYMENT_TARGET = 12.2;
				MTL_ENABLE_DEBUG_INFO = NO;
				MTL_FAST_MATH = YES;
				SDKROOT = iphoneos;
				SWIFT_COMPILATION_MODE = wholemodule;
				SWIFT_OPTIMIZATION_LEVEL = "-O";
				VALIDATE_PRODUCT = YES;
			};
			name = Release;
		};
		94A7CF2922DD1B5200ABDB04 /* Debug */ = {
			isa = XCBuildConfiguration;
			buildSettings = {
				ASSETCATALOG_COMPILER_APPICON_NAME = AppIcon;
				CODE_SIGN_STYLE = Automatic;
				DEVELOPMENT_TEAM = 2AHKWDM959;
				INFOPLIST_FILE = MyFirstSwiftApp/Info.plist;
				LD_RUNPATH_SEARCH_PATHS = (
					"$(inherited)",
					"@executable_path/Frameworks",
				);
				PRODUCT_BUNDLE_IDENTIFIER = com.ryan.MyFirstSwiftApp;
				PRODUCT_NAME = "$(TARGET_NAME)";
				SWIFT_VERSION = 5.0;
				TARGETED_DEVICE_FAMILY = "1,2";
			};
			name = Debug;
		};
		94A7CF2A22DD1B5200ABDB04 /* Release */ = {
			isa = XCBuildConfiguration;
			buildSettings = {
				ASSETCATALOG_COMPILER_APPICON_NAME = AppIcon;
				CODE_SIGN_STYLE = Automatic;
				DEVELOPMENT_TEAM = 2AHKWDM959;
				INFOPLIST_FILE = MyFirstSwiftApp/Info.plist;
				LD_RUNPATH_SEARCH_PATHS = (
					"$(inherited)",
					"@executable_path/Frameworks",
				);
				PRODUCT_BUNDLE_IDENTIFIER = com.ryan.MyFirstSwiftApp;
				PRODUCT_NAME = "$(TARGET_NAME)";
				SWIFT_VERSION = 5.0;
				TARGETED_DEVICE_FAMILY = "1,2";
			};
			name = Release;
		};
		94A7CF2C22DD1B5200ABDB04 /* Debug */ = {
			isa = XCBuildConfiguration;
			buildSettings = {
				ALWAYS_EMBED_SWIFT_STANDARD_LIBRARIES = YES;
				BUNDLE_LOADER = "$(TEST_HOST)";
				CODE_SIGN_STYLE = Automatic;
				INFOPLIST_FILE = MyFirstSwiftAppTests/Info.plist;
				LD_RUNPATH_SEARCH_PATHS = (
					"$(inherited)",
					"@executable_path/Frameworks",
					"@loader_path/Frameworks",
				);
				PRODUCT_BUNDLE_IDENTIFIER = com.ryan.MyFirstSwiftAppTests;
				PRODUCT_NAME = "$(TARGET_NAME)";
				SWIFT_VERSION = 5.0;
				TARGETED_DEVICE_FAMILY = "1,2";
				TEST_HOST = "$(BUILT_PRODUCTS_DIR)/MyFirstSwiftApp.app/MyFirstSwiftApp";
			};
			name = Debug;
		};
		94A7CF2D22DD1B5200ABDB04 /* Release */ = {
			isa = XCBuildConfiguration;
			buildSettings = {
				ALWAYS_EMBED_SWIFT_STANDARD_LIBRARIES = YES;
				BUNDLE_LOADER = "$(TEST_HOST)";
				CODE_SIGN_STYLE = Automatic;
				INFOPLIST_FILE = MyFirstSwiftAppTests/Info.plist;
				LD_RUNPATH_SEARCH_PATHS = (
					"$(inherited)",
					"@executable_path/Frameworks",
					"@loader_path/Frameworks",
				);
				PRODUCT_BUNDLE_IDENTIFIER = com.ryan.MyFirstSwiftAppTests;
				PRODUCT_NAME = "$(TARGET_NAME)";
				SWIFT_VERSION = 5.0;
				TARGETED_DEVICE_FAMILY = "1,2";
				TEST_HOST = "$(BUILT_PRODUCTS_DIR)/MyFirstSwiftApp.app/MyFirstSwiftApp";
			};
			name = Release;
		};
		94A7CF2F22DD1B5200ABDB04 /* Debug */ = {
			isa = XCBuildConfiguration;
			buildSettings = {
				ALWAYS_EMBED_SWIFT_STANDARD_LIBRARIES = YES;
				CODE_SIGN_STYLE = Automatic;
				INFOPLIST_FILE = MyFirstSwiftAppUITests/Info.plist;
				LD_RUNPATH_SEARCH_PATHS = (
					"$(inherited)",
					"@executable_path/Frameworks",
					"@loader_path/Frameworks",
				);
				PRODUCT_BUNDLE_IDENTIFIER = com.ryan.MyFirstSwiftAppUITests;
				PRODUCT_NAME = "$(TARGET_NAME)";
				SWIFT_VERSION = 5.0;
				TARGETED_DEVICE_FAMILY = "1,2";
				TEST_TARGET_NAME = MyFirstSwiftApp;
			};
			name = Debug;
		};
		94A7CF3022DD1B5200ABDB04 /* Release */ = {
			isa = XCBuildConfiguration;
			buildSettings = {
				ALWAYS_EMBED_SWIFT_STANDARD_LIBRARIES = YES;
				CODE_SIGN_STYLE = Automatic;
				INFOPLIST_FILE = MyFirstSwiftAppUITests/Info.plist;
				LD_RUNPATH_SEARCH_PATHS = (
					"$(inherited)",
					"@executable_path/Frameworks",
					"@loader_path/Frameworks",
				);
				PRODUCT_BUNDLE_IDENTIFIER = com.ryan.MyFirstSwiftAppUITests;
				PRODUCT_NAME = "$(TARGET_NAME)";
				SWIFT_VERSION = 5.0;
				TARGETED_DEVICE_FAMILY = "1,2";
				TEST_TARGET_NAME = MyFirstSwiftApp;
			};
			name = Release;
		};
/* End XCBuildConfiguration section */

/* Begin XCConfigurationList section */
		94A7CEFB22DD1B5000ABDB04 /* Build configuration list for PBXProject "MyFirstSwiftApp" */ = {
			isa = XCConfigurationList;
			buildConfigurations = (
				94A7CF2622DD1B5200ABDB04 /* Debug */,
				94A7CF2722DD1B5200ABDB04 /* Release */,
			);
			defaultConfigurationIsVisible = 0;
			defaultConfigurationName = Release;
		};
		94A7CF2822DD1B5200ABDB04 /* Build configuration list for PBXNativeTarget "MyFirstSwiftApp" */ = {
			isa = XCConfigurationList;
			buildConfigurations = (
				94A7CF2922DD1B5200ABDB04 /* Debug */,
				94A7CF2A22DD1B5200ABDB04 /* Release */,
			);
			defaultConfigurationIsVisible = 0;
			defaultConfigurationName = Release;
		};
		94A7CF2B22DD1B5200ABDB04 /* Build configuration list for PBXNativeTarget "MyFirstSwiftAppTests" */ = {
			isa = XCConfigurationList;
			buildConfigurations = (
				94A7CF2C22DD1B5200ABDB04 /* Debug */,
				94A7CF2D22DD1B5200ABDB04 /* Release */,
			);
			defaultConfigurationIsVisible = 0;
			defaultConfigurationName = Release;
		};
		94A7CF2E22DD1B5200ABDB04 /* Build configuration list for PBXNativeTarget "MyFirstSwiftAppUITests" */ = {
			isa = XCConfigurationList;
			buildConfigurations = (
				94A7CF2F22DD1B5200ABDB04 /* Debug */,
				94A7CF3022DD1B5200ABDB04 /* Release */,
			);
			defaultConfigurationIsVisible = 0;
			defaultConfigurationName = Release;
		};
/* End XCConfigurationList section */
	};
	rootObject = 94A7CEF822DD1B5000ABDB04 /* Project object */;
}
